// !$*UTF8*$!
{
	archiveVersion = 1;
	classes = {
	};
	objectVersion = 77;
	objects = {

/* Begin PBXBuildFile section */
		AE0F9A802DCE453900C1CC62 /* UrgeMenuView.swift in Sources */ = {isa = PBXBuildFile; fileRef = AE0F9A7F2DCE453900C1CC62 /* UrgeMenuView.swift */; };
		AE0F9A822DCE48BE00C1CC62 /* IntensityButtonView.swift in Sources */ = {isa = PBXBuildFile; fileRef = AE0F9A812DCE48BE00C1CC62 /* IntensityButtonView.swift */; };
		AE0F9A842DCE4CEA00C1CC62 /* IntensityGroupView.swift in Sources */ = {isa = PBXBuildFile; fileRef = AE0F9A832DCE4CEA00C1CC62 /* IntensityGroupView.swift */; };
		AE2CA1CC2DD62FBA000DF21E /* NewUrgeView.swift in Sources */ = {isa = PBXBuildFile; fileRef = AE2CA1CB2DD62FBA000DF21E /* NewUrgeView.swift */; };
		AE2CA1CE2DD63067000DF21E /* UIColor+Extension.swift in Sources */ = {isa = PBXBuildFile; fileRef = AE2CA1CD2DD63067000DF21E /* UIColor+Extension.swift */; };
		AE2CA1D02DD63643000DF21E /* ContentStartupWrapper.swift in Sources */ = {isa = PBXBuildFile; fileRef = AE2CA1CF2DD63643000DF21E /* ContentStartupWrapper.swift */; };
		AE2CA1D22DD65A4E000DF21E /* Tag.swift in Sources */ = {isa = PBXBuildFile; fileRef = AE2CA1D12DD65A4E000DF21E /* Tag.swift */; };
		AE2CA1D42DD65ABD000DF21E /* TagDefaults.swift in Sources */ = {isa = PBXBuildFile; fileRef = AE2CA1D32DD65ABD000DF21E /* TagDefaults.swift */; };
		AE2CA1D62DD662C8000DF21E /* TagPickerView.swift in Sources */ = {isa = PBXBuildFile; fileRef = AE2CA1D52DD662C8000DF21E /* TagPickerView.swift */; };
		AE2CA1D82DD664C0000DF21E /* TagView.swift in Sources */ = {isa = PBXBuildFile; fileRef = AE2CA1D72DD664C0000DF21E /* TagView.swift */; };
		AE2CA1DA2DD692DA000DF21E /* FlowLayout.swift in Sources */ = {isa = PBXBuildFile; fileRef = AE2CA1D92DD692DA000DF21E /* FlowLayout.swift */; };
		AE31EDA62DDD2799009F838C /* FilterSectionHeader.swift in Sources */ = {isa = PBXBuildFile; fileRef = AE31EDA52DDD2799009F838C /* FilterSectionHeader.swift */; };
		AE31EDA82DDD27DD009F838C /* CapsuleButton.swift in Sources */ = {isa = PBXBuildFile; fileRef = AE31EDA72DDD27DD009F838C /* CapsuleButton.swift */; };
		AE31EDAE2DDD52A2009F838C /* LocationManager.swift in Sources */ = {isa = PBXBuildFile; fileRef = AE31EDAD2DDD52A2009F838C /* LocationManager.swift */; };
		AE4311072DDBACCD00EF0DF1 /* MomentFilterSheetView.swift in Sources */ = {isa = PBXBuildFile; fileRef = AE4311062DDBACCD00EF0DF1 /* MomentFilterSheetView.swift */; };
		AE88040D2DD273700076B724 /* KeyboardResponder.swift in Sources */ = {isa = PBXBuildFile; fileRef = AE88040C2DD2736F0076B724 /* KeyboardResponder.swift */; };
		AE88040F2DD28ACA0076B724 /* NoteInputView.swift in Sources */ = {isa = PBXBuildFile; fileRef = AE88040E2DD28ACA0076B724 /* NoteInputView.swift */; };
		AE8804112DD2A97D0076B724 /* MomentDetailView.swift in Sources */ = {isa = PBXBuildFile; fileRef = AE8804102DD2A97D0076B724 /* MomentDetailView.swift */; };
		AECB69A62DCFCF9600B4EA5F /* OnboardingStepOneView.swift in Sources */ = {isa = PBXBuildFile; fileRef = AECB69A52DCFCF9600B4EA5F /* OnboardingStepOneView.swift */; };
		AECB69A82DCFD80B00B4EA5F /* OnboardingFlowView.swift in Sources */ = {isa = PBXBuildFile; fileRef = AECB69A72DCFD80B00B4EA5F /* OnboardingFlowView.swift */; };
		AECB69AA2DCFD91500B4EA5F /* OnboardingStepTwoView.swift in Sources */ = {isa = PBXBuildFile; fileRef = AECB69A92DCFD91500B4EA5F /* OnboardingStepTwoView.swift */; };
		AECB69AE2DCFDE2100B4EA5F /* OnboardingStepThreeView.swift in Sources */ = {isa = PBXBuildFile; fileRef = AECB69AD2DCFDE2100B4EA5F /* OnboardingStepThreeView.swift */; };
		AEDF6A732DD55E0600589F11 /* OnboardingStepFourView.swift in Sources */ = {isa = PBXBuildFile; fileRef = AEDF6A722DD55E0600589F11 /* OnboardingStepFourView.swift */; };
		AEDF6A752DD563D200589F11 /* RadioButtonView.swift in Sources */ = {isa = PBXBuildFile; fileRef = AEDF6A742DD563D200589F11 /* RadioButtonView.swift */; };
		AEF1494D2DCBFFE800690F5E /* Moment.swift in Sources */ = {isa = PBXBuildFile; fileRef = AEF149432DCBFFE800690F5E /* Moment.swift */; };
		AEF1494E2DCBFFE800690F5E /* Urge.swift in Sources */ = {isa = PBXBuildFile; fileRef = AEF149442DCBFFE800690F5E /* Urge.swift */; };
		AEF1494F2DCBFFE800690F5E /* Color+Extension.swift in Sources */ = {isa = PBXBuildFile; fileRef = AEF149462DCBFFE800690F5E /* Color+Extension.swift */; };
		AEF149502DCBFFE800690F5E /* HomeView.swift in Sources */ = {isa = PBXBuildFile; fileRef = AEF149482DCBFFE800690F5E /* HomeView.swift */; };
		AEF149512DCBFFE800690F5E /* PulseApp.swift in Sources */ = {isa = PBXBuildFile; fileRef = AEF1494B2DCBFFE800690F5E /* PulseApp.swift */; };
		AEF149522DCBFFE800690F5E /* Assets.xcassets in Resources */ = {isa = PBXBuildFile; fileRef = AEF1494A2DCBFFE800690F5E /* Assets.xcassets */; };
		AEF149542DCC04D000690F5E /* LogMomentView.swift in Sources */ = {isa = PBXBuildFile; fileRef = AEF149532DCC04D000690F5E /* LogMomentView.swift */; };
		AEF149562DCC245800690F5E /* UpdateMomentView.swift in Sources */ = {isa = PBXBuildFile; fileRef = AEF149552DCC245800690F5E /* UpdateMomentView.swift */; };
		AEF149582DCCE79E00690F5E /* FactoidView.swift in Sources */ = {isa = PBXBuildFile; fileRef = AEF149572DCCE79E00690F5E /* FactoidView.swift */; };
		AEF1495B2DCCE9C600690F5E /* FactoidGroupView.swift in Sources */ = {isa = PBXBuildFile; fileRef = AEF1495A2DCCE9C600690F5E /* FactoidGroupView.swift */; };
		AEF1495D2DCCF45E00690F5E /* MomentListRowView.swift in Sources */ = {isa = PBXBuildFile; fileRef = AEF1495C2DCCF45E00690F5E /* MomentListRowView.swift */; };
		AEF1495F2DCCFA3C00690F5E /* UrgeDefaults.swift in Sources */ = {isa = PBXBuildFile; fileRef = AEF1495E2DCCFA3C00690F5E /* UrgeDefaults.swift */; };
		AEF149612DCD4D4300690F5E /* Date+Extension.swift in Sources */ = {isa = PBXBuildFile; fileRef = AEF149602DCD4D4300690F5E /* Date+Extension.swift */; };
		AEF149632DCD50FA00690F5E /* EmptyStateView.swift in Sources */ = {isa = PBXBuildFile; fileRef = AEF149622DCD50FA00690F5E /* EmptyStateView.swift */; };
		AEF149652DCD544700690F5E /* EmptyStateLogButtonView.swift in Sources */ = {isa = PBXBuildFile; fileRef = AEF149642DCD544700690F5E /* EmptyStateLogButtonView.swift */; };
		AEF149672DCD54D400690F5E /* LogMomentButton.swift in Sources */ = {isa = PBXBuildFile; fileRef = AEF149662DCD54D400690F5E /* LogMomentButton.swift */; };
		AEF5D6E02DD4E67B0013E213 /* IntensityLabel.swift in Sources */ = {isa = PBXBuildFile; fileRef = AEF5D6DF2DD4E67B0013E213 /* IntensityLabel.swift */; };
/* End PBXBuildFile section */

/* Begin PBXContainerItemProxy section */
		AE7BFDF82DCBEE4A00A5836B /* PBXContainerItemProxy */ = {
			isa = PBXContainerItemProxy;
			containerPortal = AE7BFDE22DCBEE4900A5836B /* Project object */;
			proxyType = 1;
			remoteGlobalIDString = AE7BFDE92DCBEE4900A5836B;
			remoteInfo = Pulse;
		};
		AE7BFE022DCBEE4A00A5836B /* PBXContainerItemProxy */ = {
			isa = PBXContainerItemProxy;
			containerPortal = AE7BFDE22DCBEE4900A5836B /* Project object */;
			proxyType = 1;
			remoteGlobalIDString = AE7BFDE92DCBEE4900A5836B;
			remoteInfo = Pulse;
		};
/* End PBXContainerItemProxy section */

/* Begin PBXFileReference section */
		AE0F9A7F2DCE453900C1CC62 /* UrgeMenuView.swift */ = {isa = PBXFileReference; lastKnownFileType = sourcecode.swift; path = UrgeMenuView.swift; sourceTree = "<group>"; };
		AE0F9A812DCE48BE00C1CC62 /* IntensityButtonView.swift */ = {isa = PBXFileReference; lastKnownFileType = sourcecode.swift; path = IntensityButtonView.swift; sourceTree = "<group>"; };
		AE0F9A832DCE4CEA00C1CC62 /* IntensityGroupView.swift */ = {isa = PBXFileReference; lastKnownFileType = sourcecode.swift; path = IntensityGroupView.swift; sourceTree = "<group>"; };
		AE2CA1CB2DD62FBA000DF21E /* NewUrgeView.swift */ = {isa = PBXFileReference; lastKnownFileType = sourcecode.swift; path = NewUrgeView.swift; sourceTree = "<group>"; };
		AE2CA1CD2DD63067000DF21E /* UIColor+Extension.swift */ = {isa = PBXFileReference; lastKnownFileType = sourcecode.swift; path = "UIColor+Extension.swift"; sourceTree = "<group>"; };
		AE2CA1CF2DD63643000DF21E /* ContentStartupWrapper.swift */ = {isa = PBXFileReference; lastKnownFileType = sourcecode.swift; path = ContentStartupWrapper.swift; sourceTree = "<group>"; };
		AE2CA1D12DD65A4E000DF21E /* Tag.swift */ = {isa = PBXFileReference; lastKnownFileType = sourcecode.swift; path = Tag.swift; sourceTree = "<group>"; };
		AE2CA1D32DD65ABD000DF21E /* TagDefaults.swift */ = {isa = PBXFileReference; lastKnownFileType = sourcecode.swift; path = TagDefaults.swift; sourceTree = "<group>"; };
		AE2CA1D52DD662C8000DF21E /* TagPickerView.swift */ = {isa = PBXFileReference; lastKnownFileType = sourcecode.swift; path = TagPickerView.swift; sourceTree = "<group>"; };
		AE2CA1D72DD664C0000DF21E /* TagView.swift */ = {isa = PBXFileReference; lastKnownFileType = sourcecode.swift; path = TagView.swift; sourceTree = "<group>"; };
		AE2CA1D92DD692DA000DF21E /* FlowLayout.swift */ = {isa = PBXFileReference; lastKnownFileType = sourcecode.swift; path = FlowLayout.swift; sourceTree = "<group>"; };
		AE31EDA52DDD2799009F838C /* FilterSectionHeader.swift */ = {isa = PBXFileReference; lastKnownFileType = sourcecode.swift; path = FilterSectionHeader.swift; sourceTree = "<group>"; };
		AE31EDA72DDD27DD009F838C /* CapsuleButton.swift */ = {isa = PBXFileReference; lastKnownFileType = sourcecode.swift; path = CapsuleButton.swift; sourceTree = "<group>"; };
		AE31EDAD2DDD52A2009F838C /* LocationManager.swift */ = {isa = PBXFileReference; lastKnownFileType = sourcecode.swift; path = LocationManager.swift; sourceTree = "<group>"; };
		AE4311062DDBACCD00EF0DF1 /* MomentFilterSheetView.swift */ = {isa = PBXFileReference; lastKnownFileType = sourcecode.swift; path = MomentFilterSheetView.swift; sourceTree = "<group>"; };
		AE7BFDEA2DCBEE4900A5836B /* Pulse.app */ = {isa = PBXFileReference; explicitFileType = wrapper.application; includeInIndex = 0; path = Pulse.app; sourceTree = BUILT_PRODUCTS_DIR; };
		AE7BFDF72DCBEE4A00A5836B /* PulseTests.xctest */ = {isa = PBXFileReference; explicitFileType = wrapper.cfbundle; includeInIndex = 0; path = PulseTests.xctest; sourceTree = BUILT_PRODUCTS_DIR; };
		AE7BFE012DCBEE4A00A5836B /* PulseUITests.xctest */ = {isa = PBXFileReference; explicitFileType = wrapper.cfbundle; includeInIndex = 0; path = PulseUITests.xctest; sourceTree = BUILT_PRODUCTS_DIR; };
		AE88040C2DD2736F0076B724 /* KeyboardResponder.swift */ = {isa = PBXFileReference; lastKnownFileType = sourcecode.swift; path = KeyboardResponder.swift; sourceTree = "<group>"; };
		AE88040E2DD28ACA0076B724 /* NoteInputView.swift */ = {isa = PBXFileReference; lastKnownFileType = sourcecode.swift; path = NoteInputView.swift; sourceTree = "<group>"; };
		AE8804102DD2A97D0076B724 /* MomentDetailView.swift */ = {isa = PBXFileReference; lastKnownFileType = sourcecode.swift; path = MomentDetailView.swift; sourceTree = "<group>"; };
		AECB69A52DCFCF9600B4EA5F /* OnboardingStepOneView.swift */ = {isa = PBXFileReference; lastKnownFileType = sourcecode.swift; path = OnboardingStepOneView.swift; sourceTree = "<group>"; };
		AECB69A72DCFD80B00B4EA5F /* OnboardingFlowView.swift */ = {isa = PBXFileReference; lastKnownFileType = sourcecode.swift; path = OnboardingFlowView.swift; sourceTree = "<group>"; };
		AECB69A92DCFD91500B4EA5F /* OnboardingStepTwoView.swift */ = {isa = PBXFileReference; lastKnownFileType = sourcecode.swift; path = OnboardingStepTwoView.swift; sourceTree = "<group>"; };
		AECB69AD2DCFDE2100B4EA5F /* OnboardingStepThreeView.swift */ = {isa = PBXFileReference; lastKnownFileType = sourcecode.swift; path = OnboardingStepThreeView.swift; sourceTree = "<group>"; };
		AEDF6A722DD55E0600589F11 /* OnboardingStepFourView.swift */ = {isa = PBXFileReference; lastKnownFileType = sourcecode.swift; path = OnboardingStepFourView.swift; sourceTree = "<group>"; };
		AEDF6A742DD563D200589F11 /* RadioButtonView.swift */ = {isa = PBXFileReference; lastKnownFileType = sourcecode.swift; path = RadioButtonView.swift; sourceTree = "<group>"; };
		AEF149432DCBFFE800690F5E /* Moment.swift */ = {isa = PBXFileReference; lastKnownFileType = sourcecode.swift; path = Moment.swift; sourceTree = "<group>"; };
		AEF149442DCBFFE800690F5E /* Urge.swift */ = {isa = PBXFileReference; lastKnownFileType = sourcecode.swift; path = Urge.swift; sourceTree = "<group>"; };
		AEF149462DCBFFE800690F5E /* Color+Extension.swift */ = {isa = PBXFileReference; lastKnownFileType = sourcecode.swift; path = "Color+Extension.swift"; sourceTree = "<group>"; };
		AEF149482DCBFFE800690F5E /* HomeView.swift */ = {isa = PBXFileReference; lastKnownFileType = sourcecode.swift; path = HomeView.swift; sourceTree = "<group>"; };
		AEF1494A2DCBFFE800690F5E /* Assets.xcassets */ = {isa = PBXFileReference; lastKnownFileType = folder.assetcatalog; path = Assets.xcassets; sourceTree = "<group>"; };
		AEF1494B2DCBFFE800690F5E /* PulseApp.swift */ = {isa = PBXFileReference; lastKnownFileType = sourcecode.swift; path = PulseApp.swift; sourceTree = "<group>"; };
		AEF149532DCC04D000690F5E /* LogMomentView.swift */ = {isa = PBXFileReference; lastKnownFileType = sourcecode.swift; path = LogMomentView.swift; sourceTree = "<group>"; };
		AEF149552DCC245800690F5E /* UpdateMomentView.swift */ = {isa = PBXFileReference; lastKnownFileType = sourcecode.swift; path = UpdateMomentView.swift; sourceTree = "<group>"; };
		AEF149572DCCE79E00690F5E /* FactoidView.swift */ = {isa = PBXFileReference; lastKnownFileType = sourcecode.swift; path = FactoidView.swift; sourceTree = "<group>"; };
		AEF1495A2DCCE9C600690F5E /* FactoidGroupView.swift */ = {isa = PBXFileReference; lastKnownFileType = sourcecode.swift; path = FactoidGroupView.swift; sourceTree = "<group>"; };
		AEF1495C2DCCF45E00690F5E /* MomentListRowView.swift */ = {isa = PBXFileReference; lastKnownFileType = sourcecode.swift; path = MomentListRowView.swift; sourceTree = "<group>"; };
		AEF1495E2DCCFA3C00690F5E /* UrgeDefaults.swift */ = {isa = PBXFileReference; lastKnownFileType = sourcecode.swift; path = UrgeDefaults.swift; sourceTree = "<group>"; };
		AEF149602DCD4D4300690F5E /* Date+Extension.swift */ = {isa = PBXFileReference; lastKnownFileType = sourcecode.swift; path = "Date+Extension.swift"; sourceTree = "<group>"; };
		AEF149622DCD50FA00690F5E /* EmptyStateView.swift */ = {isa = PBXFileReference; lastKnownFileType = sourcecode.swift; path = EmptyStateView.swift; sourceTree = "<group>"; };
		AEF149642DCD544700690F5E /* EmptyStateLogButtonView.swift */ = {isa = PBXFileReference; lastKnownFileType = sourcecode.swift; path = EmptyStateLogButtonView.swift; sourceTree = "<group>"; };
		AEF149662DCD54D400690F5E /* LogMomentButton.swift */ = {isa = PBXFileReference; lastKnownFileType = sourcecode.swift; path = LogMomentButton.swift; sourceTree = "<group>"; };
		AEF5D6DF2DD4E67B0013E213 /* IntensityLabel.swift */ = {isa = PBXFileReference; lastKnownFileType = sourcecode.swift; path = IntensityLabel.swift; sourceTree = "<group>"; };
/* End PBXFileReference section */

/* Begin PBXFileSystemSynchronizedRootGroup section */
		AE7BFDFA2DCBEE4A00A5836B /* PulseTests */ = {
			isa = PBXFileSystemSynchronizedRootGroup;
			path = PulseTests;
			sourceTree = "<group>";
		};
		AE7BFE042DCBEE4A00A5836B /* PulseUITests */ = {
			isa = PBXFileSystemSynchronizedRootGroup;
			path = PulseUITests;
			sourceTree = "<group>";
		};
/* End PBXFileSystemSynchronizedRootGroup section */

/* Begin PBXFrameworksBuildPhase section */
		AE7BFDE72DCBEE4900A5836B /* Frameworks */ = {
			isa = PBXFrameworksBuildPhase;
			buildActionMask = 2147483647;
			files = (
			);
			runOnlyForDeploymentPostprocessing = 0;
		};
		AE7BFDF42DCBEE4A00A5836B /* Frameworks */ = {
			isa = PBXFrameworksBuildPhase;
			buildActionMask = 2147483647;
			files = (
			);
			runOnlyForDeploymentPostprocessing = 0;
		};
		AE7BFDFE2DCBEE4A00A5836B /* Frameworks */ = {
			isa = PBXFrameworksBuildPhase;
			buildActionMask = 2147483647;
			files = (
			);
			runOnlyForDeploymentPostprocessing = 0;
		};
/* End PBXFrameworksBuildPhase section */

/* Begin PBXGroup section */
		AE2CA1DB2DD692ED000DF21E /* HelperViews */ = {
			isa = PBXGroup;
			children = (
				AE2CA1D92DD692DA000DF21E /* FlowLayout.swift */,
			);
			path = HelperViews;
			sourceTree = "<group>";
		};
		AE7BFDE12DCBEE4900A5836B = {
			isa = PBXGroup;
			children = (
				AEF1494C2DCBFFE800690F5E /* Pulse */,
				AE7BFDFA2DCBEE4A00A5836B /* PulseTests */,
				AE7BFE042DCBEE4A00A5836B /* PulseUITests */,
				AE7BFDEB2DCBEE4900A5836B /* Products */,
			);
			sourceTree = "<group>";
		};
		AE7BFDEB2DCBEE4900A5836B /* Products */ = {
			isa = PBXGroup;
			children = (
				AE7BFDEA2DCBEE4900A5836B /* Pulse.app */,
				AE7BFDF72DCBEE4A00A5836B /* PulseTests.xctest */,
				AE7BFE012DCBEE4A00A5836B /* PulseUITests.xctest */,
			);
			name = Products;
			sourceTree = "<group>";
		};
		AEF149452DCBFFE800690F5E /* Models */ = {
			isa = PBXGroup;
			children = (
				AEF149432DCBFFE800690F5E /* Moment.swift */,
				AEF149442DCBFFE800690F5E /* Urge.swift */,
				AE2CA1D12DD65A4E000DF21E /* Tag.swift */,
			);
			path = Models;
			sourceTree = "<group>";
		};
		AEF149472DCBFFE800690F5E /* Utilities */ = {
			isa = PBXGroup;
			children = (
				AEF5D6DF2DD4E67B0013E213 /* IntensityLabel.swift */,
				AEF1495E2DCCFA3C00690F5E /* UrgeDefaults.swift */,
				AEF149462DCBFFE800690F5E /* Color+Extension.swift */,
				AE2CA1CD2DD63067000DF21E /* UIColor+Extension.swift */,
				AEF149602DCD4D4300690F5E /* Date+Extension.swift */,
				AE88040C2DD2736F0076B724 /* KeyboardResponder.swift */,
				AE2CA1D32DD65ABD000DF21E /* TagDefaults.swift */,
				AE31EDAD2DDD52A2009F838C /* LocationManager.swift */,
			);
			path = Utilities;
			sourceTree = "<group>";
		};
		AEF149492DCBFFE800690F5E /* Views */ = {
			isa = PBXGroup;
			children = (
				AE2CA1CF2DD63643000DF21E /* ContentStartupWrapper.swift */,
				AEF149482DCBFFE800690F5E /* HomeView.swift */,
				AEF149532DCC04D000690F5E /* LogMomentView.swift */,
				AE8804102DD2A97D0076B724 /* MomentDetailView.swift */,
				AEF149552DCC245800690F5E /* UpdateMomentView.swift */,
				AECB69A72DCFD80B00B4EA5F /* OnboardingFlowView.swift */,
				AECB69A52DCFCF9600B4EA5F /* OnboardingStepOneView.swift */,
				AECB69A92DCFD91500B4EA5F /* OnboardingStepTwoView.swift */,
				AECB69AD2DCFDE2100B4EA5F /* OnboardingStepThreeView.swift */,
				AEDF6A722DD55E0600589F11 /* OnboardingStepFourView.swift */,
			);
			path = Views;
			sourceTree = "<group>";
		};
		AEF1494C2DCBFFE800690F5E /* Pulse */ = {
			isa = PBXGroup;
			children = (
				AEF1494B2DCBFFE800690F5E /* PulseApp.swift */,
				AEF149492DCBFFE800690F5E /* Views */,
				AEF149592DCCE7B200690F5E /* SubViews */,
				AE2CA1DB2DD692ED000DF21E /* HelperViews */,
				AEF149452DCBFFE800690F5E /* Models */,
				AEF149472DCBFFE800690F5E /* Utilities */,
				AEF1494A2DCBFFE800690F5E /* Assets.xcassets */,
			);
			path = Pulse;
			sourceTree = "<group>";
		};
		AEF149592DCCE7B200690F5E /* SubViews */ = {
			isa = PBXGroup;
			children = (
				AEF149572DCCE79E00690F5E /* FactoidView.swift */,
				AEF1495A2DCCE9C600690F5E /* FactoidGroupView.swift */,
				AEF1495C2DCCF45E00690F5E /* MomentListRowView.swift */,
				AEF149622DCD50FA00690F5E /* EmptyStateView.swift */,
				AEF149642DCD544700690F5E /* EmptyStateLogButtonView.swift */,
				AEF149662DCD54D400690F5E /* LogMomentButton.swift */,
				AE0F9A7F2DCE453900C1CC62 /* UrgeMenuView.swift */,
				AE0F9A812DCE48BE00C1CC62 /* IntensityButtonView.swift */,
				AEDF6A742DD563D200589F11 /* RadioButtonView.swift */,
				AE0F9A832DCE4CEA00C1CC62 /* IntensityGroupView.swift */,
				AE88040E2DD28ACA0076B724 /* NoteInputView.swift */,
				AE2CA1CB2DD62FBA000DF21E /* NewUrgeView.swift */,
				AE2CA1D52DD662C8000DF21E /* TagPickerView.swift */,
				AE2CA1D72DD664C0000DF21E /* TagView.swift */,
				AE4311062DDBACCD00EF0DF1 /* MomentFilterSheetView.swift */,
				AE31EDA52DDD2799009F838C /* FilterSectionHeader.swift */,
				AE31EDA72DDD27DD009F838C /* CapsuleButton.swift */,
			);
			path = SubViews;
			sourceTree = "<group>";
		};
/* End PBXGroup section */

/* Begin PBXNativeTarget section */
		AE7BFDE92DCBEE4900A5836B /* Pulse */ = {
			isa = PBXNativeTarget;
			buildConfigurationList = AE7BFE0B2DCBEE4A00A5836B /* Build configuration list for PBXNativeTarget "Pulse" */;
			buildPhases = (
				AE7BFDE62DCBEE4900A5836B /* Sources */,
				AE7BFDE72DCBEE4900A5836B /* Frameworks */,
				AE7BFDE82DCBEE4900A5836B /* Resources */,
			);
			buildRules = (
			);
			dependencies = (
			);
			name = Pulse;
			packageProductDependencies = (
			);
			productName = Pulse;
			productReference = AE7BFDEA2DCBEE4900A5836B /* Pulse.app */;
			productType = "com.apple.product-type.application";
		};
		AE7BFDF62DCBEE4A00A5836B /* PulseTests */ = {
			isa = PBXNativeTarget;
			buildConfigurationList = AE7BFE0E2DCBEE4A00A5836B /* Build configuration list for PBXNativeTarget "PulseTests" */;
			buildPhases = (
				AE7BFDF32DCBEE4A00A5836B /* Sources */,
				AE7BFDF42DCBEE4A00A5836B /* Frameworks */,
				AE7BFDF52DCBEE4A00A5836B /* Resources */,
			);
			buildRules = (
			);
			dependencies = (
				AE7BFDF92DCBEE4A00A5836B /* PBXTargetDependency */,
			);
			fileSystemSynchronizedGroups = (
				AE7BFDFA2DCBEE4A00A5836B /* PulseTests */,
			);
			name = PulseTests;
			packageProductDependencies = (
			);
			productName = PulseTests;
			productReference = AE7BFDF72DCBEE4A00A5836B /* PulseTests.xctest */;
			productType = "com.apple.product-type.bundle.unit-test";
		};
		AE7BFE002DCBEE4A00A5836B /* PulseUITests */ = {
			isa = PBXNativeTarget;
			buildConfigurationList = AE7BFE112DCBEE4A00A5836B /* Build configuration list for PBXNativeTarget "PulseUITests" */;
			buildPhases = (
				AE7BFDFD2DCBEE4A00A5836B /* Sources */,
				AE7BFDFE2DCBEE4A00A5836B /* Frameworks */,
				AE7BFDFF2DCBEE4A00A5836B /* Resources */,
			);
			buildRules = (
			);
			dependencies = (
				AE7BFE032DCBEE4A00A5836B /* PBXTargetDependency */,
			);
			fileSystemSynchronizedGroups = (
				AE7BFE042DCBEE4A00A5836B /* PulseUITests */,
			);
			name = PulseUITests;
			packageProductDependencies = (
			);
			productName = PulseUITests;
			productReference = AE7BFE012DCBEE4A00A5836B /* PulseUITests.xctest */;
			productType = "com.apple.product-type.bundle.ui-testing";
		};
/* End PBXNativeTarget section */

/* Begin PBXProject section */
		AE7BFDE22DCBEE4900A5836B /* Project object */ = {
			isa = PBXProject;
			attributes = {
				BuildIndependentTargetsInParallel = 1;
				LastSwiftUpdateCheck = 1630;
				LastUpgradeCheck = 1630;
				TargetAttributes = {
					AE7BFDE92DCBEE4900A5836B = {
						CreatedOnToolsVersion = 16.3;
					};
					AE7BFDF62DCBEE4A00A5836B = {
						CreatedOnToolsVersion = 16.3;
						TestTargetID = AE7BFDE92DCBEE4900A5836B;
					};
					AE7BFE002DCBEE4A00A5836B = {
						CreatedOnToolsVersion = 16.3;
						TestTargetID = AE7BFDE92DCBEE4900A5836B;
					};
				};
			};
			buildConfigurationList = AE7BFDE52DCBEE4900A5836B /* Build configuration list for PBXProject "Pulse" */;
			developmentRegion = en;
			hasScannedForEncodings = 0;
			knownRegions = (
				en,
				Base,
			);
			mainGroup = AE7BFDE12DCBEE4900A5836B;
			minimizedProjectReferenceProxies = 1;
			preferredProjectObjectVersion = 77;
			productRefGroup = AE7BFDEB2DCBEE4900A5836B /* Products */;
			projectDirPath = "";
			projectRoot = "";
			targets = (
				AE7BFDE92DCBEE4900A5836B /* Pulse */,
				AE7BFDF62DCBEE4A00A5836B /* PulseTests */,
				AE7BFE002DCBEE4A00A5836B /* PulseUITests */,
			);
		};
/* End PBXProject section */

/* Begin PBXResourcesBuildPhase section */
		AE7BFDE82DCBEE4900A5836B /* Resources */ = {
			isa = PBXResourcesBuildPhase;
			buildActionMask = 2147483647;
			files = (
				AEF149522DCBFFE800690F5E /* Assets.xcassets in Resources */,
			);
			runOnlyForDeploymentPostprocessing = 0;
		};
		AE7BFDF52DCBEE4A00A5836B /* Resources */ = {
			isa = PBXResourcesBuildPhase;
			buildActionMask = 2147483647;
			files = (
			);
			runOnlyForDeploymentPostprocessing = 0;
		};
		AE7BFDFF2DCBEE4A00A5836B /* Resources */ = {
			isa = PBXResourcesBuildPhase;
			buildActionMask = 2147483647;
			files = (
			);
			runOnlyForDeploymentPostprocessing = 0;
		};
/* End PBXResourcesBuildPhase section */

/* Begin PBXSourcesBuildPhase section */
		AE7BFDE62DCBEE4900A5836B /* Sources */ = {
			isa = PBXSourcesBuildPhase;
			buildActionMask = 2147483647;
			files = (
				AE4311072DDBACCD00EF0DF1 /* MomentFilterSheetView.swift in Sources */,
				AE2CA1D22DD65A4E000DF21E /* Tag.swift in Sources */,
				AEF1494D2DCBFFE800690F5E /* Moment.swift in Sources */,
				AEDF6A732DD55E0600589F11 /* OnboardingStepFourView.swift in Sources */,
				AE31EDA62DDD2799009F838C /* FilterSectionHeader.swift in Sources */,
				AEDF6A752DD563D200589F11 /* RadioButtonView.swift in Sources */,
				AEF149672DCD54D400690F5E /* LogMomentButton.swift in Sources */,
				AE31EDA82DDD27DD009F838C /* CapsuleButton.swift in Sources */,
				AE2CA1CC2DD62FBA000DF21E /* NewUrgeView.swift in Sources */,
				AEF1495B2DCCE9C600690F5E /* FactoidGroupView.swift in Sources */,
				AEF1495F2DCCFA3C00690F5E /* UrgeDefaults.swift in Sources */,
				AECB69AA2DCFD91500B4EA5F /* OnboardingStepTwoView.swift in Sources */,
				AE31EDAE2DDD52A2009F838C /* LocationManager.swift in Sources */,
				AE88040D2DD273700076B724 /* KeyboardResponder.swift in Sources */,
				AE2CA1CE2DD63067000DF21E /* UIColor+Extension.swift in Sources */,
				AE2CA1D82DD664C0000DF21E /* TagView.swift in Sources */,
				AEF149582DCCE79E00690F5E /* FactoidView.swift in Sources */,
				AE2CA1DA2DD692DA000DF21E /* FlowLayout.swift in Sources */,
				AEF1494E2DCBFFE800690F5E /* Urge.swift in Sources */,
				AEF149632DCD50FA00690F5E /* EmptyStateView.swift in Sources */,
				AEF149612DCD4D4300690F5E /* Date+Extension.swift in Sources */,
				AEF149652DCD544700690F5E /* EmptyStateLogButtonView.swift in Sources */,
				AECB69A82DCFD80B00B4EA5F /* OnboardingFlowView.swift in Sources */,
				AEF1494F2DCBFFE800690F5E /* Color+Extension.swift in Sources */,
				AE2CA1D02DD63643000DF21E /* ContentStartupWrapper.swift in Sources */,
				AEF149502DCBFFE800690F5E /* HomeView.swift in Sources */,
				AECB69A62DCFCF9600B4EA5F /* OnboardingStepOneView.swift in Sources */,
				AE0F9A822DCE48BE00C1CC62 /* IntensityButtonView.swift in Sources */,
				AEF149512DCBFFE800690F5E /* PulseApp.swift in Sources */,
				AE88040F2DD28ACA0076B724 /* NoteInputView.swift in Sources */,
				AECB69AE2DCFDE2100B4EA5F /* OnboardingStepThreeView.swift in Sources */,
				AE2CA1D62DD662C8000DF21E /* TagPickerView.swift in Sources */,
				AE0F9A842DCE4CEA00C1CC62 /* IntensityGroupView.swift in Sources */,
				AE8804112DD2A97D0076B724 /* MomentDetailView.swift in Sources */,
				AEF1495D2DCCF45E00690F5E /* MomentListRowView.swift in Sources */,
				AE0F9A802DCE453900C1CC62 /* UrgeMenuView.swift in Sources */,
				AEF149542DCC04D000690F5E /* LogMomentView.swift in Sources */,
				AEF149562DCC245800690F5E /* UpdateMomentView.swift in Sources */,
				AE2CA1D42DD65ABD000DF21E /* TagDefaults.swift in Sources */,
				AEF5D6E02DD4E67B0013E213 /* IntensityLabel.swift in Sources */,
			);
			runOnlyForDeploymentPostprocessing = 0;
		};
		AE7BFDF32DCBEE4A00A5836B /* Sources */ = {
			isa = PBXSourcesBuildPhase;
			buildActionMask = 2147483647;
			files = (
			);
			runOnlyForDeploymentPostprocessing = 0;
		};
		AE7BFDFD2DCBEE4A00A5836B /* Sources */ = {
			isa = PBXSourcesBuildPhase;
			buildActionMask = 2147483647;
			files = (
			);
			runOnlyForDeploymentPostprocessing = 0;
		};
/* End PBXSourcesBuildPhase section */

/* Begin PBXTargetDependency section */
		AE7BFDF92DCBEE4A00A5836B /* PBXTargetDependency */ = {
			isa = PBXTargetDependency;
			target = AE7BFDE92DCBEE4900A5836B /* Pulse */;
			targetProxy = AE7BFDF82DCBEE4A00A5836B /* PBXContainerItemProxy */;
		};
		AE7BFE032DCBEE4A00A5836B /* PBXTargetDependency */ = {
			isa = PBXTargetDependency;
			target = AE7BFDE92DCBEE4900A5836B /* Pulse */;
			targetProxy = AE7BFE022DCBEE4A00A5836B /* PBXContainerItemProxy */;
		};
/* End PBXTargetDependency section */

/* Begin XCBuildConfiguration section */
		AE7BFE092DCBEE4A00A5836B /* Debug */ = {
			isa = XCBuildConfiguration;
			buildSettings = {
				ALWAYS_SEARCH_USER_PATHS = NO;
				ASSETCATALOG_COMPILER_GENERATE_SWIFT_ASSET_SYMBOL_EXTENSIONS = YES;
				CLANG_ANALYZER_NONNULL = YES;
				CLANG_ANALYZER_NUMBER_OBJECT_CONVERSION = YES_AGGRESSIVE;
				CLANG_CXX_LANGUAGE_STANDARD = "gnu++20";
				CLANG_ENABLE_MODULES = YES;
				CLANG_ENABLE_OBJC_ARC = YES;
				CLANG_ENABLE_OBJC_WEAK = YES;
				CLANG_WARN_BLOCK_CAPTURE_AUTORELEASING = YES;
				CLANG_WARN_BOOL_CONVERSION = YES;
				CLANG_WARN_COMMA = YES;
				CLANG_WARN_CONSTANT_CONVERSION = YES;
				CLANG_WARN_DEPRECATED_OBJC_IMPLEMENTATIONS = YES;
				CLANG_WARN_DIRECT_OBJC_ISA_USAGE = YES_ERROR;
				CLANG_WARN_DOCUMENTATION_COMMENTS = YES;
				CLANG_WARN_EMPTY_BODY = YES;
				CLANG_WARN_ENUM_CONVERSION = YES;
				CLANG_WARN_INFINITE_RECURSION = YES;
				CLANG_WARN_INT_CONVERSION = YES;
				CLANG_WARN_NON_LITERAL_NULL_CONVERSION = YES;
				CLANG_WARN_OBJC_IMPLICIT_RETAIN_SELF = YES;
				CLANG_WARN_OBJC_LITERAL_CONVERSION = YES;
				CLANG_WARN_OBJC_ROOT_CLASS = YES_ERROR;
				CLANG_WARN_QUOTED_INCLUDE_IN_FRAMEWORK_HEADER = YES;
				CLANG_WARN_RANGE_LOOP_ANALYSIS = YES;
				CLANG_WARN_STRICT_PROTOTYPES = YES;
				CLANG_WARN_SUSPICIOUS_MOVE = YES;
				CLANG_WARN_UNGUARDED_AVAILABILITY = YES_AGGRESSIVE;
				CLANG_WARN_UNREACHABLE_CODE = YES;
				CLANG_WARN__DUPLICATE_METHOD_MATCH = YES;
				COPY_PHASE_STRIP = NO;
				DEBUG_INFORMATION_FORMAT = dwarf;
				DEVELOPMENT_TEAM = 7Y457JX2Z3;
				ENABLE_STRICT_OBJC_MSGSEND = YES;
				ENABLE_TESTABILITY = YES;
				ENABLE_USER_SCRIPT_SANDBOXING = YES;
				GCC_C_LANGUAGE_STANDARD = gnu17;
				GCC_DYNAMIC_NO_PIC = NO;
				GCC_NO_COMMON_BLOCKS = YES;
				GCC_OPTIMIZATION_LEVEL = 0;
				GCC_PREPROCESSOR_DEFINITIONS = (
					"DEBUG=1",
					"$(inherited)",
				);
				GCC_WARN_64_TO_32_BIT_CONVERSION = YES;
				GCC_WARN_ABOUT_RETURN_TYPE = YES_ERROR;
				GCC_WARN_UNDECLARED_SELECTOR = YES;
				GCC_WARN_UNINITIALIZED_AUTOS = YES_AGGRESSIVE;
				GCC_WARN_UNUSED_FUNCTION = YES;
				GCC_WARN_UNUSED_VARIABLE = YES;
				IPHONEOS_DEPLOYMENT_TARGET = 18.4;
				LOCALIZATION_PREFERS_STRING_CATALOGS = YES;
				MTL_ENABLE_DEBUG_INFO = INCLUDE_SOURCE;
				MTL_FAST_MATH = YES;
				ONLY_ACTIVE_ARCH = YES;
				SDKROOT = iphoneos;
				SWIFT_ACTIVE_COMPILATION_CONDITIONS = "DEBUG $(inherited)";
				SWIFT_OPTIMIZATION_LEVEL = "-Onone";
			};
			name = Debug;
		};
		AE7BFE0A2DCBEE4A00A5836B /* Release */ = {
			isa = XCBuildConfiguration;
			buildSettings = {
				ALWAYS_SEARCH_USER_PATHS = NO;
				ASSETCATALOG_COMPILER_GENERATE_SWIFT_ASSET_SYMBOL_EXTENSIONS = YES;
				CLANG_ANALYZER_NONNULL = YES;
				CLANG_ANALYZER_NUMBER_OBJECT_CONVERSION = YES_AGGRESSIVE;
				CLANG_CXX_LANGUAGE_STANDARD = "gnu++20";
				CLANG_ENABLE_MODULES = YES;
				CLANG_ENABLE_OBJC_ARC = YES;
				CLANG_ENABLE_OBJC_WEAK = YES;
				CLANG_WARN_BLOCK_CAPTURE_AUTORELEASING = YES;
				CLANG_WARN_BOOL_CONVERSION = YES;
				CLANG_WARN_COMMA = YES;
				CLANG_WARN_CONSTANT_CONVERSION = YES;
				CLANG_WARN_DEPRECATED_OBJC_IMPLEMENTATIONS = YES;
				CLANG_WARN_DIRECT_OBJC_ISA_USAGE = YES_ERROR;
				CLANG_WARN_DOCUMENTATION_COMMENTS = YES;
				CLANG_WARN_EMPTY_BODY = YES;
				CLANG_WARN_ENUM_CONVERSION = YES;
				CLANG_WARN_INFINITE_RECURSION = YES;
				CLANG_WARN_INT_CONVERSION = YES;
				CLANG_WARN_NON_LITERAL_NULL_CONVERSION = YES;
				CLANG_WARN_OBJC_IMPLICIT_RETAIN_SELF = YES;
				CLANG_WARN_OBJC_LITERAL_CONVERSION = YES;
				CLANG_WARN_OBJC_ROOT_CLASS = YES_ERROR;
				CLANG_WARN_QUOTED_INCLUDE_IN_FRAMEWORK_HEADER = YES;
				CLANG_WARN_RANGE_LOOP_ANALYSIS = YES;
				CLANG_WARN_STRICT_PROTOTYPES = YES;
				CLANG_WARN_SUSPICIOUS_MOVE = YES;
				CLANG_WARN_UNGUARDED_AVAILABILITY = YES_AGGRESSIVE;
				CLANG_WARN_UNREACHABLE_CODE = YES;
				CLANG_WARN__DUPLICATE_METHOD_MATCH = YES;
				COPY_PHASE_STRIP = NO;
				DEBUG_INFORMATION_FORMAT = "dwarf-with-dsym";
				DEVELOPMENT_TEAM = 7Y457JX2Z3;
				ENABLE_NS_ASSERTIONS = NO;
				ENABLE_STRICT_OBJC_MSGSEND = YES;
				ENABLE_USER_SCRIPT_SANDBOXING = YES;
				GCC_C_LANGUAGE_STANDARD = gnu17;
				GCC_NO_COMMON_BLOCKS = YES;
				GCC_WARN_64_TO_32_BIT_CONVERSION = YES;
				GCC_WARN_ABOUT_RETURN_TYPE = YES_ERROR;
				GCC_WARN_UNDECLARED_SELECTOR = YES;
				GCC_WARN_UNINITIALIZED_AUTOS = YES_AGGRESSIVE;
				GCC_WARN_UNUSED_FUNCTION = YES;
				GCC_WARN_UNUSED_VARIABLE = YES;
				IPHONEOS_DEPLOYMENT_TARGET = 18.4;
				LOCALIZATION_PREFERS_STRING_CATALOGS = YES;
				MTL_ENABLE_DEBUG_INFO = NO;
				MTL_FAST_MATH = YES;
				SDKROOT = iphoneos;
				SWIFT_COMPILATION_MODE = wholemodule;
				VALIDATE_PRODUCT = YES;
			};
			name = Release;
		};
		AE7BFE0C2DCBEE4A00A5836B /* Debug */ = {
			isa = XCBuildConfiguration;
			buildSettings = {
				ASSETCATALOG_COMPILER_APPICON_NAME = AppIcon;
				ASSETCATALOG_COMPILER_GLOBAL_ACCENT_COLOR_NAME = AccentColor;
				CODE_SIGN_STYLE = Automatic;
				CURRENT_PROJECT_VERSION = 1;
				DEVELOPMENT_TEAM = 7Y457JX2Z3;
				ENABLE_PREVIEWS = YES;
				GENERATE_INFOPLIST_FILE = YES;
				INFOPLIST_KEY_NSLocationWhenInUseUsageDescription = "Pulse uses your location to add helpful context to logged moments.";
				INFOPLIST_KEY_UIApplicationSceneManifest_Generation = YES;
				INFOPLIST_KEY_UIApplicationSupportsIndirectInputEvents = YES;
				INFOPLIST_KEY_UILaunchScreen_Generation = YES;
				INFOPLIST_KEY_UISupportedInterfaceOrientations = UIInterfaceOrientationPortrait;
				INFOPLIST_KEY_UISupportedInterfaceOrientations_iPad = "UIInterfaceOrientationLandscapeLeft UIInterfaceOrientationLandscapeRight UIInterfaceOrientationPortrait UIInterfaceOrientationPortraitUpsideDown";
				IPHONEOS_DEPLOYMENT_TARGET = 17.6;
				LD_RUNPATH_SEARCH_PATHS = (
					"$(inherited)",
					"@executable_path/Frameworks",
				);
				MARKETING_VERSION = 1.0;
				PRODUCT_BUNDLE_IDENTIFIER = com.alamin.Pulse;
				PRODUCT_NAME = "$(TARGET_NAME)";
				SWIFT_EMIT_LOC_STRINGS = YES;
				SWIFT_VERSION = 5.0;
				TARGETED_DEVICE_FAMILY = "1,2";
			};
			name = Debug;
		};
		AE7BFE0D2DCBEE4A00A5836B /* Release */ = {
			isa = XCBuildConfiguration;
			buildSettings = {
				ASSETCATALOG_COMPILER_APPICON_NAME = AppIcon;
				ASSETCATALOG_COMPILER_GLOBAL_ACCENT_COLOR_NAME = AccentColor;
				CODE_SIGN_STYLE = Automatic;
				CURRENT_PROJECT_VERSION = 1;
				DEVELOPMENT_TEAM = 7Y457JX2Z3;
				ENABLE_PREVIEWS = YES;
				GENERATE_INFOPLIST_FILE = YES;
				INFOPLIST_KEY_NSLocationWhenInUseUsageDescription = "Pulse uses your location to add helpful context to logged moments.";
				INFOPLIST_KEY_UIApplicationSceneManifest_Generation = YES;
				INFOPLIST_KEY_UIApplicationSupportsIndirectInputEvents = YES;
				INFOPLIST_KEY_UILaunchScreen_Generation = YES;
				INFOPLIST_KEY_UISupportedInterfaceOrientations = UIInterfaceOrientationPortrait;
				INFOPLIST_KEY_UISupportedInterfaceOrientations_iPad = "UIInterfaceOrientationLandscapeLeft UIInterfaceOrientationLandscapeRight UIInterfaceOrientationPortrait UIInterfaceOrientationPortraitUpsideDown";
				IPHONEOS_DEPLOYMENT_TARGET = 17.6;
				LD_RUNPATH_SEARCH_PATHS = (
					"$(inherited)",
					"@executable_path/Frameworks",
				);
				MARKETING_VERSION = 1.0;
				PRODUCT_BUNDLE_IDENTIFIER = com.alamin.Pulse;
				PRODUCT_NAME = "$(TARGET_NAME)";
				SWIFT_EMIT_LOC_STRINGS = YES;
				SWIFT_VERSION = 5.0;
				TARGETED_DEVICE_FAMILY = "1,2";
			};
			name = Release;
		};
		AE7BFE0F2DCBEE4A00A5836B /* Debug */ = {
			isa = XCBuildConfiguration;
			buildSettings = {
				BUNDLE_LOADER = "$(TEST_HOST)";
				CODE_SIGN_STYLE = Automatic;
				CURRENT_PROJECT_VERSION = 1;
				DEVELOPMENT_TEAM = 7Y457JX2Z3;
				GENERATE_INFOPLIST_FILE = YES;
				IPHONEOS_DEPLOYMENT_TARGET = 17.6;
				MARKETING_VERSION = 1.0;
				PRODUCT_BUNDLE_IDENTIFIER = com.alamin.PulseTests;
				PRODUCT_NAME = "$(TARGET_NAME)";
				SWIFT_EMIT_LOC_STRINGS = NO;
				SWIFT_VERSION = 5.0;
				TARGETED_DEVICE_FAMILY = "1,2";
				TEST_HOST = "$(BUILT_PRODUCTS_DIR)/Pulse.app/$(BUNDLE_EXECUTABLE_FOLDER_PATH)/Pulse";
			};
			name = Debug;
		};
		AE7BFE102DCBEE4A00A5836B /* Release */ = {
			isa = XCBuildConfiguration;
			buildSettings = {
				BUNDLE_LOADER = "$(TEST_HOST)";
				CODE_SIGN_STYLE = Automatic;
				CURRENT_PROJECT_VERSION = 1;
				DEVELOPMENT_TEAM = 7Y457JX2Z3;
				GENERATE_INFOPLIST_FILE = YES;
				IPHONEOS_DEPLOYMENT_TARGET = 17.6;
				MARKETING_VERSION = 1.0;
				PRODUCT_BUNDLE_IDENTIFIER = com.alamin.PulseTests;
				PRODUCT_NAME = "$(TARGET_NAME)";
				SWIFT_EMIT_LOC_STRINGS = NO;
				SWIFT_VERSION = 5.0;
				TARGETED_DEVICE_FAMILY = "1,2";
				TEST_HOST = "$(BUILT_PRODUCTS_DIR)/Pulse.app/$(BUNDLE_EXECUTABLE_FOLDER_PATH)/Pulse";
			};
			name = Release;
		};
		AE7BFE122DCBEE4A00A5836B /* Debug */ = {
			isa = XCBuildConfiguration;
			buildSettings = {
				CODE_SIGN_STYLE = Automatic;
				CURRENT_PROJECT_VERSION = 1;
				DEVELOPMENT_TEAM = 7Y457JX2Z3;
				GENERATE_INFOPLIST_FILE = YES;
				IPHONEOS_DEPLOYMENT_TARGET = 17.6;
				MARKETING_VERSION = 1.0;
				PRODUCT_BUNDLE_IDENTIFIER = com.alamin.PulseUITests;
				PRODUCT_NAME = "$(TARGET_NAME)";
				SWIFT_EMIT_LOC_STRINGS = NO;
				SWIFT_VERSION = 5.0;
				TARGETED_DEVICE_FAMILY = "1,2";
				TEST_TARGET_NAME = Pulse;
			};
			name = Debug;
		};
		AE7BFE132DCBEE4A00A5836B /* Release */ = {
			isa = XCBuildConfiguration;
			buildSettings = {
				CODE_SIGN_STYLE = Automatic;
				CURRENT_PROJECT_VERSION = 1;
				DEVELOPMENT_TEAM = 7Y457JX2Z3;
				GENERATE_INFOPLIST_FILE = YES;
				IPHONEOS_DEPLOYMENT_TARGET = 17.6;
				MARKETING_VERSION = 1.0;
				PRODUCT_BUNDLE_IDENTIFIER = com.alamin.PulseUITests;
				PRODUCT_NAME = "$(TARGET_NAME)";
				SWIFT_EMIT_LOC_STRINGS = NO;
				SWIFT_VERSION = 5.0;
				TARGETED_DEVICE_FAMILY = "1,2";
				TEST_TARGET_NAME = Pulse;
			};
			name = Release;
		};
/* End XCBuildConfiguration section */

/* Begin XCConfigurationList section */
		AE7BFDE52DCBEE4900A5836B /* Build configuration list for PBXProject "Pulse" */ = {
			isa = XCConfigurationList;
			buildConfigurations = (
				AE7BFE092DCBEE4A00A5836B /* Debug */,
				AE7BFE0A2DCBEE4A00A5836B /* Release */,
			);
			defaultConfigurationIsVisible = 0;
			defaultConfigurationName = Release;
		};
		AE7BFE0B2DCBEE4A00A5836B /* Build configuration list for PBXNativeTarget "Pulse" */ = {
			isa = XCConfigurationList;
			buildConfigurations = (
				AE7BFE0C2DCBEE4A00A5836B /* Debug */,
				AE7BFE0D2DCBEE4A00A5836B /* Release */,
			);
			defaultConfigurationIsVisible = 0;
			defaultConfigurationName = Release;
		};
		AE7BFE0E2DCBEE4A00A5836B /* Build configuration list for PBXNativeTarget "PulseTests" */ = {
			isa = XCConfigurationList;
			buildConfigurations = (
				AE7BFE0F2DCBEE4A00A5836B /* Debug */,
				AE7BFE102DCBEE4A00A5836B /* Release */,
			);
			defaultConfigurationIsVisible = 0;
			defaultConfigurationName = Release;
		};
		AE7BFE112DCBEE4A00A5836B /* Build configuration list for PBXNativeTarget "PulseUITests" */ = {
			isa = XCConfigurationList;
			buildConfigurations = (
				AE7BFE122DCBEE4A00A5836B /* Debug */,
				AE7BFE132DCBEE4A00A5836B /* Release */,
			);
			defaultConfigurationIsVisible = 0;
			defaultConfigurationName = Release;
		};
/* End XCConfigurationList section */
	};
	rootObject = AE7BFDE22DCBEE4900A5836B /* Project object */;
}
